
Microsoft Visual Studio Solution File, Format Version 12.00
# Visual Studio 2012
Project("{FAE04EC0-301F-11D3-BF4B-00C04F79EFBC}") = "ASPNETClassGenerator", "ASPNETClassGenerator.csproj", "{1DF636F5-0DA8-4221-8C92-36BD26BB1735}"
EndProject
Global
	GlobalSection(SolutionConfigurationPlatforms) = preSolution
		Debug|Any CPU = Debug|Any CPU
		Release|Any CPU = Release|Any CPU
	EndGlobalSection
	GlobalSection(ProjectConfigurationPlatforms) = postSolution
		{1DF636F5-0DA8-4221-8C92-36BD26BB1735}.Debug|Any CPU.ActiveCfg = Debug|Any CPU
		{1DF636F5-0DA8-4221-8C92-36BD26BB1735}.Debug|Any CPU.Build.0 = Debug|Any CPU
		{1DF636F5-0DA8-4221-8C92-36BD26BB1735}.Release|Any CPU.ActiveCfg = Release|Any CPU
		{1DF636F5-0DA8-4221-8C92-36BD26BB1735}.Release|Any CPU.Build.0 = Release|Any CPU
	EndGlobalSection
	GlobalSection(SolutionProperties) = preSolution
		HideSolutionNode = FALSE
	EndGlobalSection
EndGlobal
